
Microsoft Visual Studio Solution File, Format Version 12.00
# Visual Studio Version 17
VisualStudioVersion = 17.13.35919.96 d17.13
MinimumVisualStudioVersion = 10.0.40219.1
Project("{FAE04EC0-301F-11D3-BF4B-00C04F79EFBC}") = "MVC_Assig2", "MVC_Assig2\MVC_Assig2.csproj", "{01248118-78AE-4C73-9188-AF358A79EBAD}"
EndProject
Global
	GlobalSection(SolutionConfigurationPlatforms) = preSolution
		Debug|Any CPU = Debug|Any CPU
		Release|Any CPU = Release|Any CPU
	EndGlobalSection
	GlobalSection(ProjectConfigurationPlatforms) = postSolution
		{01248118-78AE-4C73-9188-AF358A79EBAD}.Debug|Any CPU.ActiveCfg = Debug|Any CPU
		{01248118-78AE-4C73-9188-AF358A79EBAD}.Debug|Any CPU.Build.0 = Debug|Any CPU
		{01248118-78AE-4C73-9188-AF358A79EBAD}.Release|Any CPU.ActiveCfg = Release|Any CPU
		{01248118-78AE-4C73-9188-AF358A79EBAD}.Release|Any CPU.Build.0 = Release|Any CPU
	EndGlobalSection
	GlobalSection(SolutionProperties) = preSolution
		HideSolutionNode = FALSE
	EndGlobalSection
	GlobalSection(ExtensibilityGlobals) = postSolution
		SolutionGuid = {FCC75B7C-3300-4DB9-9F1F-8020B88A4714}
	EndGlobalSection
EndGlobal
